# This file is @generated by PDM.
# It is not intended for manual editing.

[metadata]
groups = ["default", "ide"]
strategy = ["cross_platform", "inherit_metadata"]
lock_version = "4.4.1"
content_hash = "sha256:27b6ae6a9befa6ac83da62fee8ff60cdb1a03ab8bd875e5431ad00f96aa8082c"

[[package]]
name = "asciitree"
version = "0.3.3"
summary = "Draws ASCII trees."
groups = ["default"]
files = [
    {file = "asciitree-0.3.3.tar.gz", hash = "sha256:4aa4b9b649f85e3fcb343363d97564aa1fb62e249677f2e18a96765145cc0f6e"},
]

[[package]]
name = "black"
version = "23.12.1"
requires_python = ">=3.8"
summary = "The uncompromising code formatter."
groups = ["ide"]
dependencies = [
    "click>=8.0.0",
    "mypy-extensions>=0.4.3",
    "packaging>=22.0",
    "pathspec>=0.9.0",
    "platformdirs>=2",
]
files = [
    {file = "black-23.12.1-cp311-cp311-macosx_10_9_x86_64.whl", hash = "sha256:8d4df77958a622f9b5a4c96edb4b8c0034f8434032ab11077ec6c56ae9f384ba"},
    {file = "black-23.12.1-cp311-cp311-macosx_11_0_arm64.whl", hash = "sha256:602cfb1196dc692424c70b6507593a2b29aac0547c1be9a1d1365f0d964c353b"},
    {file = "black-23.12.1-cp311-cp311-manylinux_2_17_x86_64.manylinux2014_x86_64.whl", hash = "sha256:9c4352800f14be5b4864016882cdba10755bd50805c95f728011bcb47a4afd59"},
    {file = "black-23.12.1-cp311-cp311-win_amd64.whl", hash = "sha256:0808494f2b2df923ffc5723ed3c7b096bd76341f6213989759287611e9837d50"},
    {file = "black-23.12.1-py3-none-any.whl", hash = "sha256:78baad24af0f033958cad29731e27363183e140962595def56423e626f4bee3e"},
    {file = "black-23.12.1.tar.gz", hash = "sha256:4ce3ef14ebe8d9509188014d96af1c456a910d5b5cbf434a09fef7e024b3d0d5"},
]

[[package]]
name = "bottleneck"
version = "1.3.7"
summary = "Fast NumPy array functions written in C"
groups = ["default"]
dependencies = [
    "numpy",
]
files = [
    {file = "Bottleneck-1.3.7-cp311-cp311-macosx_10_9_x86_64.whl", hash = "sha256:752c97d64ebebdc10a5568d97b81b4971238fa4b53533248d227c4ea759aee4e"},
    {file = "Bottleneck-1.3.7-cp311-cp311-manylinux_2_5_i686.manylinux1_i686.manylinux_2_17_i686.manylinux2014_i686.whl", hash = "sha256:bbda2b27e81a47b7578bce6a8cb2f5eb899279c828d8efb5a154d8ede785093d"},
    {file = "Bottleneck-1.3.7-cp311-cp311-manylinux_2_5_x86_64.manylinux1_x86_64.manylinux_2_17_x86_64.manylinux2014_x86_64.whl", hash = "sha256:79160e49a5a0438468b970967e29addde2d9c6a6ce930144de7ccd8151077603"},
    {file = "Bottleneck-1.3.7-cp311-cp311-musllinux_1_1_i686.whl", hash = "sha256:abfc22762640cc7716c1bd9a409bde0f834167a2584775eb644c6afe7bae3319"},
    {file = "Bottleneck-1.3.7-cp311-cp311-musllinux_1_1_x86_64.whl", hash = "sha256:2a39049aa1cb798538f96150098f50badb37417c41cecfa8a441c0c4e6433c7e"},
    {file = "Bottleneck-1.3.7-cp311-cp311-win32.whl", hash = "sha256:b624023f173332d209ed5bd4134fae43d2432d61c6b17a49a6b7c5591caa7cc4"},
    {file = "Bottleneck-1.3.7-cp311-cp311-win_amd64.whl", hash = "sha256:bd69b1844c90f6bcf1b679a608fb2c0909be5e045f91674d61a0e4c3596644be"},
    {file = "Bottleneck-1.3.7.tar.gz", hash = "sha256:e1467e373ad469da340ed0ff283214d6531cc08bfdca2083361a3aa6470681f8"},
]

[[package]]
name = "click"
version = "8.1.7"
requires_python = ">=3.7"
summary = "Composable command line interface toolkit"
groups = ["default", "ide"]
dependencies = [
    "colorama; platform_system == \"Windows\"",
]
files = [
    {file = "click-8.1.7-py3-none-any.whl", hash = "sha256:ae74fb96c20a0277a1d615f1e4d73c8414f5a98db8b799a7931d1582f3390c28"},
    {file = "click-8.1.7.tar.gz", hash = "sha256:ca9853ad459e787e2192211578cc907e7594e294c7ccc834310722b41b9ca6de"},
]

[[package]]
name = "cloudpickle"
version = "3.0.0"
requires_python = ">=3.8"
summary = "Pickler class to extend the standard pickle.Pickler functionality"
groups = ["default"]
files = [
    {file = "cloudpickle-3.0.0-py3-none-any.whl", hash = "sha256:246ee7d0c295602a036e86369c77fecda4ab17b506496730f2f576d9016fd9c7"},
    {file = "cloudpickle-3.0.0.tar.gz", hash = "sha256:996d9a482c6fb4f33c1a35335cf8afd065d2a56e973270364840712d9131a882"},
]

[[package]]
name = "colorama"
version = "0.4.6"
requires_python = "!=3.0.*,!=3.1.*,!=3.2.*,!=3.3.*,!=3.4.*,!=3.5.*,!=3.6.*,>=2.7"
summary = "Cross-platform colored terminal text."
groups = ["default", "ide"]
marker = "platform_system == \"Windows\""
files = [
    {file = "colorama-0.4.6-py2.py3-none-any.whl", hash = "sha256:4f1d9991f5acc0ca119f9d443620b77f9d6b33703e51011c16baf57afb285fc6"},
    {file = "colorama-0.4.6.tar.gz", hash = "sha256:08695f5cb7ed6e0531a20572697297273c47b8cae5a63ffc6d6ed5c201be6e44"},
]

[[package]]
name = "dask"
version = "2023.12.1"
requires_python = ">=3.9"
summary = "Parallel PyData with Task Scheduling"
groups = ["default"]
dependencies = [
    "click>=8.1",
    "cloudpickle>=1.5.0",
    "fsspec>=2021.09.0",
    "importlib-metadata>=4.13.0",
    "packaging>=20.0",
    "partd>=1.2.0",
    "pyyaml>=5.3.1",
    "toolz>=0.10.0",
]
files = [
    {file = "dask-2023.12.1-py3-none-any.whl", hash = "sha256:55f316f32da9e68fe995e2c0dc460cb8888cd4a1af32096753788e8af45a8d10"},
    {file = "dask-2023.12.1.tar.gz", hash = "sha256:0ac3acd5bdbfacb5ad6401ac7663a1135955b3fa051a118e1b8a88e87b6b44a2"},
]

[[package]]
name = "fasteners"
version = "0.19"
requires_python = ">=3.6"
summary = "A python package that provides useful locks"
groups = ["default"]
files = [
    {file = "fasteners-0.19-py3-none-any.whl", hash = "sha256:758819cb5d94cdedf4e836988b74de396ceacb8e2794d21f82d131fd9ee77237"},
    {file = "fasteners-0.19.tar.gz", hash = "sha256:b4f37c3ac52d8a445af3a66bce57b33b5e90b97c696b7b984f530cf8f0ded09c"},
]

[[package]]
name = "flaml"
version = "2.1.1"
requires_python = ">=3.6"
summary = "A fast library for automated machine learning and tuning"
groups = ["default"]
dependencies = [
    "NumPy>=1.17.0rc1",
]
files = [
    {file = "FLAML-2.1.1-py3-none-any.whl", hash = "sha256:ba34f1a06f3cbc6bb23a2ea4830a264375f6bba497f402122a73e42647a15535"},
    {file = "FLAML-2.1.1.tar.gz", hash = "sha256:53e94aacc996da80fe779bc6833d3b25c80c77fe11667d0912798e49293282eb"},
]

[[package]]
name = "fsspec"
version = "2023.12.2"
requires_python = ">=3.8"
summary = "File-system specification"
groups = ["default"]
files = [
    {file = "fsspec-2023.12.2-py3-none-any.whl", hash = "sha256:d800d87f72189a745fa3d6b033b9dc4a34ad069f60ca60b943a63599f5501960"},
    {file = "fsspec-2023.12.2.tar.gz", hash = "sha256:8548d39e8810b59c38014934f6b31e57f40c1b20f911f4cc2b85389c7e9bf0cb"},
]

[[package]]
name = "functime"
version = "0.9.4"
requires_python = ">=3.8"
summary = "Time-series machine learning at scale."
groups = ["default"]
dependencies = [
    "bottleneck",
    "dask",
    "flaml<3,>=2.0.2",
    "holidays",
    "numpy",
    "polars<0.20.0,>=0.19.15",
    "scikit-learn<2,>=1.2.2",
    "scipy",
    "tqdm",
    "zarr",
]
files = [
    {file = "functime-0.9.4-cp311-cp311-macosx_10_12_x86_64.whl", hash = "sha256:09f3241bffa7bae7ee45e64cfbe2b214f0e4786395cfd4c3d4bc814722651081"},
    {file = "functime-0.9.4-cp311-cp311-macosx_11_0_arm64.whl", hash = "sha256:cb50f2401f3b2b9a2118dee24e9d3bd6a496e7f335e3484db18ef2bd91ccecc9"},
    {file = "functime-0.9.4-cp311-cp311-manylinux_2_12_i686.manylinux2010_i686.whl", hash = "sha256:86809b13fe44e1260dc841a3f39822b73373437ddd10a416c08fe8579744d421"},
    {file = "functime-0.9.4-cp311-cp311-manylinux_2_17_aarch64.manylinux2014_aarch64.whl", hash = "sha256:54fe0cfebdeda1ee5863068450028648e13a94fa88bfc1e72dd236f693f71a68"},
    {file = "functime-0.9.4-cp311-cp311-manylinux_2_17_x86_64.manylinux2014_x86_64.whl", hash = "sha256:370487e0623edfea97abad63b900cd398bc15e87168a31e07945f516e80101ec"},
    {file = "functime-0.9.4-cp311-none-win32.whl", hash = "sha256:01f6052eb6ee18032af471b3e4a21919b55f2fc2ad4811d080b4e5d64349bf0b"},
    {file = "functime-0.9.4-cp311-none-win_amd64.whl", hash = "sha256:b7b79f25f1b403cc6043fcfbcd8e9be7b8084e26fba5abcc64983dd5c1de6b77"},
    {file = "functime-0.9.4-pp310-pypy310_pp73-manylinux_2_12_i686.manylinux2010_i686.whl", hash = "sha256:56702033a5748df72ec42bb46bcd0d50481e729cf8a6f743c37b520dd87ab293"},
    {file = "functime-0.9.4-pp310-pypy310_pp73-manylinux_2_17_aarch64.manylinux2014_aarch64.whl", hash = "sha256:5dc910be4f6673255bae703f36edcefdcc47067a46f17fd484533da8a8cfe273"},
    {file = "functime-0.9.4-pp310-pypy310_pp73-manylinux_2_17_x86_64.manylinux2014_x86_64.whl", hash = "sha256:c117555f4b1ceebb4e221fb6564c75210545aaa72a3b113c37b3191ebf0bfbb0"},
    {file = "functime-0.9.4-pp38-pypy38_pp73-manylinux_2_12_i686.manylinux2010_i686.whl", hash = "sha256:db813116f28f3e146d547bb9654707397a36683538e6b328fb3d49ad3fe5ffb6"},
    {file = "functime-0.9.4-pp38-pypy38_pp73-manylinux_2_17_aarch64.manylinux2014_aarch64.whl", hash = "sha256:3db4ce34ef58e87713bb0171448a88118a9b6ae49f74bcb731902fa0b9461896"},
    {file = "functime-0.9.4-pp38-pypy38_pp73-manylinux_2_17_x86_64.manylinux2014_x86_64.whl", hash = "sha256:50fe5cb906b434a71e5287df74763564fc39ccdaf96ef79e03ece3259f04bdc9"},
    {file = "functime-0.9.4-pp39-pypy39_pp73-manylinux_2_12_i686.manylinux2010_i686.whl", hash = "sha256:58865d5ea50c825ad6f8b9d90692382d59121543b2a0aca44682967df957540e"},
    {file = "functime-0.9.4-pp39-pypy39_pp73-manylinux_2_17_aarch64.manylinux2014_aarch64.whl", hash = "sha256:458a5df7a337a7576c99cf8a6e8490dc16035ce8394b688d253fa58a3967cfbf"},
    {file = "functime-0.9.4-pp39-pypy39_pp73-manylinux_2_17_x86_64.manylinux2014_x86_64.whl", hash = "sha256:b2d6f47d2a24e2887b40c879a1ca14f1a3e0920bd76b27cc10ea30b41c78ab7a"},
]

[[package]]
name = "functime"
version = "0.9.4"
extras = ["lgb", "plot"]
requires_python = ">=3.8"
summary = "Time-series machine learning at scale."
groups = ["default"]
dependencies = [
    "functime==0.9.4",
    "kaleido==0.2.1",
    "lightgbm",
    "pandas",
    "plotly",
]
files = [
    {file = "functime-0.9.4-cp311-cp311-macosx_10_12_x86_64.whl", hash = "sha256:09f3241bffa7bae7ee45e64cfbe2b214f0e4786395cfd4c3d4bc814722651081"},
    {file = "functime-0.9.4-cp311-cp311-macosx_11_0_arm64.whl", hash = "sha256:cb50f2401f3b2b9a2118dee24e9d3bd6a496e7f335e3484db18ef2bd91ccecc9"},
    {file = "functime-0.9.4-cp311-cp311-manylinux_2_12_i686.manylinux2010_i686.whl", hash = "sha256:86809b13fe44e1260dc841a3f39822b73373437ddd10a416c08fe8579744d421"},
    {file = "functime-0.9.4-cp311-cp311-manylinux_2_17_aarch64.manylinux2014_aarch64.whl", hash = "sha256:54fe0cfebdeda1ee5863068450028648e13a94fa88bfc1e72dd236f693f71a68"},
    {file = "functime-0.9.4-cp311-cp311-manylinux_2_17_x86_64.manylinux2014_x86_64.whl", hash = "sha256:370487e0623edfea97abad63b900cd398bc15e87168a31e07945f516e80101ec"},
    {file = "functime-0.9.4-cp311-none-win32.whl", hash = "sha256:01f6052eb6ee18032af471b3e4a21919b55f2fc2ad4811d080b4e5d64349bf0b"},
    {file = "functime-0.9.4-cp311-none-win_amd64.whl", hash = "sha256:b7b79f25f1b403cc6043fcfbcd8e9be7b8084e26fba5abcc64983dd5c1de6b77"},
    {file = "functime-0.9.4-pp310-pypy310_pp73-manylinux_2_12_i686.manylinux2010_i686.whl", hash = "sha256:56702033a5748df72ec42bb46bcd0d50481e729cf8a6f743c37b520dd87ab293"},
    {file = "functime-0.9.4-pp310-pypy310_pp73-manylinux_2_17_aarch64.manylinux2014_aarch64.whl", hash = "sha256:5dc910be4f6673255bae703f36edcefdcc47067a46f17fd484533da8a8cfe273"},
    {file = "functime-0.9.4-pp310-pypy310_pp73-manylinux_2_17_x86_64.manylinux2014_x86_64.whl", hash = "sha256:c117555f4b1ceebb4e221fb6564c75210545aaa72a3b113c37b3191ebf0bfbb0"},
    {file = "functime-0.9.4-pp38-pypy38_pp73-manylinux_2_12_i686.manylinux2010_i686.whl", hash = "sha256:db813116f28f3e146d547bb9654707397a36683538e6b328fb3d49ad3fe5ffb6"},
    {file = "functime-0.9.4-pp38-pypy38_pp73-manylinux_2_17_aarch64.manylinux2014_aarch64.whl", hash = "sha256:3db4ce34ef58e87713bb0171448a88118a9b6ae49f74bcb731902fa0b9461896"},
    {file = "functime-0.9.4-pp38-pypy38_pp73-manylinux_2_17_x86_64.manylinux2014_x86_64.whl", hash = "sha256:50fe5cb906b434a71e5287df74763564fc39ccdaf96ef79e03ece3259f04bdc9"},
    {file = "functime-0.9.4-pp39-pypy39_pp73-manylinux_2_12_i686.manylinux2010_i686.whl", hash = "sha256:58865d5ea50c825ad6f8b9d90692382d59121543b2a0aca44682967df957540e"},
    {file = "functime-0.9.4-pp39-pypy39_pp73-manylinux_2_17_aarch64.manylinux2014_aarch64.whl", hash = "sha256:458a5df7a337a7576c99cf8a6e8490dc16035ce8394b688d253fa58a3967cfbf"},
    {file = "functime-0.9.4-pp39-pypy39_pp73-manylinux_2_17_x86_64.manylinux2014_x86_64.whl", hash = "sha256:b2d6f47d2a24e2887b40c879a1ca14f1a3e0920bd76b27cc10ea30b41c78ab7a"},
]

[[package]]
name = "holidays"
version = "0.40"
requires_python = ">=3.8"
summary = "Generate and work with holidays in Python"
groups = ["default"]
dependencies = [
    "python-dateutil",
]
files = [
    {file = "holidays-0.40-py3-none-any.whl", hash = "sha256:bfaeccb3d02815e33b0c3260735deedeeb5f18755408c18caa14c28d470cfbcf"},
    {file = "holidays-0.40.tar.gz", hash = "sha256:c6301dcfb9bd2213e8cf6d9774e84e58692b5486af8e100dc3f9cd49ddf8e1ed"},
]

[[package]]
name = "importlib-metadata"
version = "7.0.1"
requires_python = ">=3.8"
summary = "Read metadata from Python packages"
groups = ["default"]
dependencies = [
    "zipp>=0.5",
]
files = [
    {file = "importlib_metadata-7.0.1-py3-none-any.whl", hash = "sha256:4805911c3a4ec7c3966410053e9ec6a1fecd629117df5adee56dfc9432a1081e"},
    {file = "importlib_metadata-7.0.1.tar.gz", hash = "sha256:f238736bb06590ae52ac1fab06a3a9ef1d8dce2b7a35b5ab329371d6c8f5d2cc"},
]

[[package]]
name = "jedi"
version = "0.19.1"
requires_python = ">=3.6"
summary = "An autocompletion tool for Python that can be used for text editors."
groups = ["ide"]
dependencies = [
    "parso<0.9.0,>=0.8.3",
]
files = [
    {file = "jedi-0.19.1-py2.py3-none-any.whl", hash = "sha256:e983c654fe5c02867aef4cdfce5a2fbb4a50adc0af145f70504238f18ef5e7e0"},
    {file = "jedi-0.19.1.tar.gz", hash = "sha256:cf0496f3651bc65d7174ac1b7d043eff454892c708a87d1b683e57b569927ffd"},
]

[[package]]
name = "joblib"
version = "1.3.2"
requires_python = ">=3.7"
summary = "Lightweight pipelining with Python functions"
groups = ["default"]
files = [
    {file = "joblib-1.3.2-py3-none-any.whl", hash = "sha256:ef4331c65f239985f3f2220ecc87db222f08fd22097a3dd5698f693875f8cbb9"},
    {file = "joblib-1.3.2.tar.gz", hash = "sha256:92f865e621e17784e7955080b6d042489e3b8e294949cc44c6eac304f59772b1"},
]

[[package]]
name = "kaleido"
version = "0.2.1"
summary = "Static image export for web-based visualization libraries with zero dependencies"
groups = ["default"]
files = [
    {file = "kaleido-0.2.1-py2.py3-none-macosx_10_11_x86_64.whl", hash = "sha256:ca6f73e7ff00aaebf2843f73f1d3bacde1930ef5041093fe76b83a15785049a7"},
    {file = "kaleido-0.2.1-py2.py3-none-macosx_11_0_arm64.whl", hash = "sha256:bb9a5d1f710357d5d432ee240ef6658a6d124c3e610935817b4b42da9c787c05"},
    {file = "kaleido-0.2.1-py2.py3-none-manylinux1_x86_64.whl", hash = "sha256:aa21cf1bf1c78f8fa50a9f7d45e1003c387bd3d6fe0a767cfbbf344b95bdc3a8"},
    {file = "kaleido-0.2.1-py2.py3-none-manylinux2014_aarch64.whl", hash = "sha256:845819844c8082c9469d9c17e42621fbf85c2b237ef8a86ec8a8527f98b6512a"},
    {file = "kaleido-0.2.1-py2.py3-none-win32.whl", hash = "sha256:ecc72635860be616c6b7161807a65c0dbd9b90c6437ac96965831e2e24066552"},
    {file = "kaleido-0.2.1-py2.py3-none-win_amd64.whl", hash = "sha256:4670985f28913c2d063c5734d125ecc28e40810141bdb0a46f15b76c1d45f23c"},
]

[[package]]
name = "lightgbm"
version = "4.2.0"
requires_python = ">=3.6"
summary = "LightGBM Python Package"
groups = ["default"]
dependencies = [
    "numpy",
    "scipy",
]
files = [
    {file = "lightgbm-4.2.0-py3-none-macosx_10_15_x86_64.macosx_11_6_x86_64.macosx_12_5_x86_64.whl", hash = "sha256:2ebf5b53e4a74d5b484698f11d13c5598e5640a8665b146ad16a173c9724a803"},
    {file = "lightgbm-4.2.0-py3-none-manylinux2014_aarch64.whl", hash = "sha256:450e645879fad4060858e9e856a1669d6ff058f69857786bd5a2c24d3136cbc0"},
    {file = "lightgbm-4.2.0-py3-none-manylinux_2_28_x86_64.whl", hash = "sha256:4a767795253ea5872abc7cc4e0892120af9b48a10e151c03cd62116bc2f099ab"},
    {file = "lightgbm-4.2.0-py3-none-win_amd64.whl", hash = "sha256:a532d5dd0261b0f648c570f25edd8a03e7e85084b18acc77bd603a3a04476cb7"},
    {file = "lightgbm-4.2.0.tar.gz", hash = "sha256:8a4d051df2ab2218998a16f7712e843ee9e96d8b09ffbfcc18533da127e0da02"},
]

[[package]]
name = "locket"
version = "1.0.0"
requires_python = ">=2.7, !=3.0.*, !=3.1.*, !=3.2.*, !=3.3.*"
summary = "File-based locks for Python on Linux and Windows"
groups = ["default"]
files = [
    {file = "locket-1.0.0-py2.py3-none-any.whl", hash = "sha256:b6c819a722f7b6bd955b80781788e4a66a55628b858d347536b7e81325a3a5e3"},
    {file = "locket-1.0.0.tar.gz", hash = "sha256:5c0d4c052a8bbbf750e056a8e65ccd309086f4f0f18a2eac306a8dfa4112a632"},
]

[[package]]
name = "marimo"
version = "0.1.71"
requires_python = ">=3.8"
summary = "A library for making reactive notebooks and apps"
groups = ["ide"]
dependencies = [
    "black",
    "click<9,>=8.0",
    "jedi>=0.18.0",
    "markdown<4,>=3.4",
    "pygments<3,>=2.13",
    "pymdown-extensions<11,>=9.0",
    "tomlkit>=0.12.0",
    "tornado<7,>=6.1",
]
files = [
    {file = "marimo-0.1.71-py3-none-any.whl", hash = "sha256:8d4cf6620e7a941f74a290bc89994cc489b9e618bb362a36a0c7a13fa0b3c76d"},
    {file = "marimo-0.1.71.tar.gz", hash = "sha256:b1dd5e14a3fb41d738021375a5df2bb701a3a5fb4a289d971589b94ae5e166fc"},
]

[[package]]
name = "markdown"
version = "3.5.1"
requires_python = ">=3.8"
summary = "Python implementation of John Gruber's Markdown."
groups = ["ide"]
files = [
    {file = "Markdown-3.5.1-py3-none-any.whl", hash = "sha256:5874b47d4ee3f0b14d764324d2c94c03ea66bee56f2d929da9f2508d65e722dc"},
    {file = "Markdown-3.5.1.tar.gz", hash = "sha256:b65d7beb248dc22f2e8a31fb706d93798093c308dc1aba295aedeb9d41a813bd"},
]

[[package]]
name = "mypy-extensions"
version = "1.0.0"
requires_python = ">=3.5"
summary = "Type system extensions for programs checked with the mypy type checker."
groups = ["ide"]
files = [
    {file = "mypy_extensions-1.0.0-py3-none-any.whl", hash = "sha256:4392f6c0eb8a5668a69e23d168ffa70f0be9ccfd32b5cc2d26a34ae5b844552d"},
    {file = "mypy_extensions-1.0.0.tar.gz", hash = "sha256:75dbf8955dc00442a438fc4d0666508a9a97b6bd41aa2f0ffe9d2f2725af0782"},
]

[[package]]
name = "numcodecs"
version = "0.12.1"
requires_python = ">=3.8"
summary = "A Python package providing buffer compression and transformation codecs for use in data storage and communication applications."
groups = ["default"]
dependencies = [
    "numpy>=1.7",
]
files = [
    {file = "numcodecs-0.12.1-cp311-cp311-macosx_10_9_x86_64.whl", hash = "sha256:eeaf42768910f1c6eebf6c1bb00160728e62c9343df9e2e315dc9fe12e3f6071"},
    {file = "numcodecs-0.12.1-cp311-cp311-macosx_11_0_arm64.whl", hash = "sha256:135b2d47563f7b9dc5ee6ce3d1b81b0f1397f69309e909f1a35bb0f7c553d45e"},
    {file = "numcodecs-0.12.1-cp311-cp311-manylinux_2_17_x86_64.manylinux2014_x86_64.whl", hash = "sha256:a191a8e347ecd016e5c357f2bf41fbcb026f6ffe78fff50c77ab12e96701d155"},
    {file = "numcodecs-0.12.1-cp311-cp311-win_amd64.whl", hash = "sha256:21d8267bd4313f4d16f5b6287731d4c8ebdab236038f29ad1b0e93c9b2ca64ee"},
    {file = "numcodecs-0.12.1.tar.gz", hash = "sha256:05d91a433733e7eef268d7e80ec226a0232da244289614a8f3826901aec1098e"},
]

[[package]]
name = "numpy"
version = "1.26.3"
requires_python = ">=3.9"
summary = "Fundamental package for array computing in Python"
groups = ["default"]
files = [
    {file = "numpy-1.26.3-cp311-cp311-macosx_10_9_x86_64.whl", hash = "sha256:b831295e5472954104ecb46cd98c08b98b49c69fdb7040483aff799a755a7374"},
    {file = "numpy-1.26.3-cp311-cp311-macosx_11_0_arm64.whl", hash = "sha256:9e87562b91f68dd8b1c39149d0323b42e0082db7ddb8e934ab4c292094d575d6"},
    {file = "numpy-1.26.3-cp311-cp311-manylinux_2_17_aarch64.manylinux2014_aarch64.whl", hash = "sha256:8c66d6fec467e8c0f975818c1796d25c53521124b7cfb760114be0abad53a0a2"},
    {file = "numpy-1.26.3-cp311-cp311-manylinux_2_17_x86_64.manylinux2014_x86_64.whl", hash = "sha256:f25e2811a9c932e43943a2615e65fc487a0b6b49218899e62e426e7f0a57eeda"},
    {file = "numpy-1.26.3-cp311-cp311-musllinux_1_1_aarch64.whl", hash = "sha256:af36e0aa45e25c9f57bf684b1175e59ea05d9a7d3e8e87b7ae1a1da246f2767e"},
    {file = "numpy-1.26.3-cp311-cp311-musllinux_1_1_x86_64.whl", hash = "sha256:51c7f1b344f302067b02e0f5b5d2daa9ed4a721cf49f070280ac202738ea7f00"},
    {file = "numpy-1.26.3-cp311-cp311-win32.whl", hash = "sha256:7ca4f24341df071877849eb2034948459ce3a07915c2734f1abb4018d9c49d7b"},
    {file = "numpy-1.26.3-cp311-cp311-win_amd64.whl", hash = "sha256:39763aee6dfdd4878032361b30b2b12593fb445ddb66bbac802e2113eb8a6ac4"},
    {file = "numpy-1.26.3-pp39-pypy39_pp73-macosx_10_9_x86_64.whl", hash = "sha256:3c67423b3703f8fbd90f5adaa37f85b5794d3366948efe9a5190a5f3a83fc34e"},
    {file = "numpy-1.26.3-pp39-pypy39_pp73-manylinux_2_17_x86_64.manylinux2014_x86_64.whl", hash = "sha256:46f47ee566d98849323f01b349d58f2557f02167ee301e5e28809a8c0e27a2d0"},
    {file = "numpy-1.26.3-pp39-pypy39_pp73-win_amd64.whl", hash = "sha256:a8474703bffc65ca15853d5fd4d06b18138ae90c17c8d12169968e998e448bb5"},
    {file = "numpy-1.26.3.tar.gz", hash = "sha256:697df43e2b6310ecc9d95f05d5ef20eacc09c7c4ecc9da3f235d39e71b7da1e4"},
]

[[package]]
name = "packaging"
version = "23.2"
requires_python = ">=3.7"
summary = "Core utilities for Python packages"
groups = ["default", "ide"]
files = [
    {file = "packaging-23.2-py3-none-any.whl", hash = "sha256:8c491190033a9af7e1d931d0b5dacc2ef47509b34dd0de67ed209b5203fc88c7"},
    {file = "packaging-23.2.tar.gz", hash = "sha256:048fb0e9405036518eaaf48a55953c750c11e1a1b68e0dd1a9d62ed0c092cfc5"},
]

[[package]]
name = "pandas"
version = "2.1.4"
requires_python = ">=3.9"
summary = "Powerful data structures for data analysis, time series, and statistics"
groups = ["default"]
dependencies = [
    "numpy<2,>=1.23.2; python_version == \"3.11\"",
    "python-dateutil>=2.8.2",
    "pytz>=2020.1",
    "tzdata>=2022.1",
]
files = [
    {file = "pandas-2.1.4-cp311-cp311-macosx_10_9_x86_64.whl", hash = "sha256:b7d852d16c270e4331f6f59b3e9aa23f935f5c4b0ed2d0bc77637a8890a5d092"},
    {file = "pandas-2.1.4-cp311-cp311-macosx_11_0_arm64.whl", hash = "sha256:bd7d5f2f54f78164b3d7a40f33bf79a74cdee72c31affec86bfcabe7e0789821"},
    {file = "pandas-2.1.4-cp311-cp311-manylinux_2_17_aarch64.manylinux2014_aarch64.whl", hash = "sha256:0aa6e92e639da0d6e2017d9ccff563222f4eb31e4b2c3cf32a2a392fc3103c0d"},
    {file = "pandas-2.1.4-cp311-cp311-manylinux_2_17_x86_64.manylinux2014_x86_64.whl", hash = "sha256:d797591b6846b9db79e65dc2d0d48e61f7db8d10b2a9480b4e3faaddc421a171"},
    {file = "pandas-2.1.4-cp311-cp311-musllinux_1_1_x86_64.whl", hash = "sha256:d2d3e7b00f703aea3945995ee63375c61b2e6aa5aa7871c5d622870e5e137623"},
    {file = "pandas-2.1.4-cp311-cp311-win_amd64.whl", hash = "sha256:dc9bf7ade01143cddc0074aa6995edd05323974e6e40d9dbde081021ded8510e"},
    {file = "pandas-2.1.4.tar.gz", hash = "sha256:fcb68203c833cc735321512e13861358079a96c174a61f5116a1de89c58c0ef7"},
]

[[package]]
name = "parso"
version = "0.8.3"
requires_python = ">=3.6"
summary = "A Python Parser"
groups = ["ide"]
files = [
    {file = "parso-0.8.3-py2.py3-none-any.whl", hash = "sha256:c001d4636cd3aecdaf33cbb40aebb59b094be2a74c556778ef5576c175e19e75"},
    {file = "parso-0.8.3.tar.gz", hash = "sha256:8c07be290bb59f03588915921e29e8a50002acaf2cdc5fa0e0114f91709fafa0"},
]

[[package]]
name = "partd"
version = "1.4.1"
requires_python = ">=3.7"
summary = "Appendable key-value storage"
groups = ["default"]
dependencies = [
    "locket",
    "toolz",
]
files = [
    {file = "partd-1.4.1-py3-none-any.whl", hash = "sha256:27e766663d36c161e2827aa3e28541c992f0b9527d3cca047e13fb3acdb989e6"},
    {file = "partd-1.4.1.tar.gz", hash = "sha256:56c25dd49e6fea5727e731203c466c6e092f308d8f0024e199d02f6aa2167f67"},
]

[[package]]
name = "pathspec"
version = "0.12.1"
requires_python = ">=3.8"
summary = "Utility library for gitignore style pattern matching of file paths."
groups = ["ide"]
files = [
    {file = "pathspec-0.12.1-py3-none-any.whl", hash = "sha256:a0d503e138a4c123b27490a4f7beda6a01c6f288df0e4a8b79c7eb0dc7b4cc08"},
    {file = "pathspec-0.12.1.tar.gz", hash = "sha256:a482d51503a1ab33b1c67a6c3813a26953dbdc71c31dacaef9a838c4e29f5712"},
]

[[package]]
name = "platformdirs"
version = "4.1.0"
requires_python = ">=3.8"
summary = "A small Python package for determining appropriate platform-specific dirs, e.g. a \"user data dir\"."
groups = ["ide"]
files = [
    {file = "platformdirs-4.1.0-py3-none-any.whl", hash = "sha256:11c8f37bcca40db96d8144522d925583bdb7a31f7b0e37e3ed4318400a8e2380"},
    {file = "platformdirs-4.1.0.tar.gz", hash = "sha256:906d548203468492d432bcb294d4bc2fff751bf84971fbb2c10918cc206ee420"},
]

[[package]]
name = "plotly"
version = "5.18.0"
requires_python = ">=3.6"
summary = "An open-source, interactive data visualization library for Python"
groups = ["default"]
dependencies = [
    "packaging",
    "tenacity>=6.2.0",
]
files = [
    {file = "plotly-5.18.0-py3-none-any.whl", hash = "sha256:23aa8ea2f4fb364a20d34ad38235524bd9d691bf5299e800bca608c31e8db8de"},
    {file = "plotly-5.18.0.tar.gz", hash = "sha256:360a31e6fbb49d12b007036eb6929521343d6bee2236f8459915821baefa2cbb"},
]

[[package]]
name = "polars"
version = "0.19.19"
requires_python = ">=3.8"
summary = "Blazingly fast DataFrame library"
groups = ["default"]
files = [
    {file = "polars-0.19.19-cp38-abi3-macosx_10_12_x86_64.whl", hash = "sha256:812dbb0cc7027fd41ce6b3eaf100b94828fc082fab026409d48792e3e7014095"},
    {file = "polars-0.19.19-cp38-abi3-macosx_11_0_arm64.whl", hash = "sha256:21a334e18c83a259211ca6ec182498f3a89297fde9b8f75021c6881ff4411201"},
    {file = "polars-0.19.19-cp38-abi3-manylinux_2_17_x86_64.manylinux2014_x86_64.whl", hash = "sha256:d383fac392b08a6d5830c99f6e735a48e390c1535c8f1e67707fcaab6863ade5"},
    {file = "polars-0.19.19-cp38-abi3-manylinux_2_24_aarch64.whl", hash = "sha256:eec0e72dce84b85c427bbf395d2e181f33e60677695b95ee2e87fed51043bdea"},
    {file = "polars-0.19.19-cp38-abi3-win_amd64.whl", hash = "sha256:6c9e597efac74f00ef9cdfd9ba8a9128ed24276916bd3d60adc6e604530e4b37"},
    {file = "polars-0.19.19.tar.gz", hash = "sha256:3e904d197aabf36e37fda263470eaf51ec92fb865cdea4f93947713480199303"},
]

[[package]]
name = "pygments"
version = "2.17.2"
requires_python = ">=3.7"
summary = "Pygments is a syntax highlighting package written in Python."
groups = ["ide"]
files = [
    {file = "pygments-2.17.2-py3-none-any.whl", hash = "sha256:b27c2826c47d0f3219f29554824c30c5e8945175d888647acd804ddd04af846c"},
    {file = "pygments-2.17.2.tar.gz", hash = "sha256:da46cec9fd2de5be3a8a784f434e4c4ab670b4ff54d605c4c2717e9d49c4c367"},
]

[[package]]
name = "pymdown-extensions"
version = "10.7"
requires_python = ">=3.8"
summary = "Extension pack for Python Markdown."
groups = ["ide"]
dependencies = [
    "markdown>=3.5",
    "pyyaml",
]
files = [
    {file = "pymdown_extensions-10.7-py3-none-any.whl", hash = "sha256:6ca215bc57bc12bf32b414887a68b810637d039124ed9b2e5bd3325cbb2c050c"},
    {file = "pymdown_extensions-10.7.tar.gz", hash = "sha256:c0d64d5cf62566f59e6b2b690a4095c931107c250a8c8e1351c1de5f6b036deb"},
]

[[package]]
name = "python-dateutil"
version = "2.8.2"
requires_python = "!=3.0.*,!=3.1.*,!=3.2.*,>=2.7"
summary = "Extensions to the standard Python datetime module"
groups = ["default"]
dependencies = [
    "six>=1.5",
]
files = [
    {file = "python-dateutil-2.8.2.tar.gz", hash = "sha256:0123cacc1627ae19ddf3c27a5de5bd67ee4586fbdd6440d9748f8abb483d3e86"},
    {file = "python_dateutil-2.8.2-py2.py3-none-any.whl", hash = "sha256:961d03dc3453ebbc59dbdea9e4e11c5651520a876d0f4db161e8674aae935da9"},
]

[[package]]
name = "pytz"
version = "2023.3.post1"
summary = "World timezone definitions, modern and historical"
groups = ["default"]
files = [
    {file = "pytz-2023.3.post1-py2.py3-none-any.whl", hash = "sha256:ce42d816b81b68506614c11e8937d3aa9e41007ceb50bfdcb0749b921bf646c7"},
    {file = "pytz-2023.3.post1.tar.gz", hash = "sha256:7b4fddbeb94a1eba4b557da24f19fdf9db575192544270a9101d8509f9f43d7b"},
]

[[package]]
name = "pyyaml"
version = "6.0.1"
requires_python = ">=3.6"
summary = "YAML parser and emitter for Python"
groups = ["default", "ide"]
files = [
    {file = "PyYAML-6.0.1-cp311-cp311-macosx_10_9_x86_64.whl", hash = "sha256:6965a7bc3cf88e5a1c3bd2e0b5c22f8d677dc88a455344035f03399034eb3007"},
    {file = "PyYAML-6.0.1-cp311-cp311-macosx_11_0_arm64.whl", hash = "sha256:f003ed9ad21d6a4713f0a9b5a7a0a79e08dd0f221aff4525a2be4c346ee60aab"},
    {file = "PyYAML-6.0.1-cp311-cp311-manylinux_2_17_aarch64.manylinux2014_aarch64.whl", hash = "sha256:42f8152b8dbc4fe7d96729ec2b99c7097d656dc1213a3229ca5383f973a5ed6d"},
    {file = "PyYAML-6.0.1-cp311-cp311-manylinux_2_17_s390x.manylinux2014_s390x.whl", hash = "sha256:062582fca9fabdd2c8b54a3ef1c978d786e0f6b3a1510e0ac93ef59e0ddae2bc"},
    {file = "PyYAML-6.0.1-cp311-cp311-manylinux_2_17_x86_64.manylinux2014_x86_64.whl", hash = "sha256:d2b04aac4d386b172d5b9692e2d2da8de7bfb6c387fa4f801fbf6fb2e6ba4673"},
    {file = "PyYAML-6.0.1-cp311-cp311-musllinux_1_1_x86_64.whl", hash = "sha256:e7d73685e87afe9f3b36c799222440d6cf362062f78be1013661b00c5c6f678b"},
    {file = "PyYAML-6.0.1-cp311-cp311-win32.whl", hash = "sha256:1635fd110e8d85d55237ab316b5b011de701ea0f29d07611174a1b42f1444741"},
    {file = "PyYAML-6.0.1-cp311-cp311-win_amd64.whl", hash = "sha256:bf07ee2fef7014951eeb99f56f39c9bb4af143d8aa3c21b1677805985307da34"},
    {file = "PyYAML-6.0.1.tar.gz", hash = "sha256:bfdf460b1736c775f2ba9f6a92bca30bc2095067b8a9d77876d1fad6cc3b4a43"},
]

[[package]]
name = "scikit-learn"
version = "1.3.2"
requires_python = ">=3.8"
summary = "A set of python modules for machine learning and data mining"
groups = ["default"]
dependencies = [
    "joblib>=1.1.1",
    "numpy<2.0,>=1.17.3",
    "scipy>=1.5.0",
    "threadpoolctl>=2.0.0",
]
files = [
    {file = "scikit-learn-1.3.2.tar.gz", hash = "sha256:a2f54c76accc15a34bfb9066e6c7a56c1e7235dda5762b990792330b52ccfb05"},
    {file = "scikit_learn-1.3.2-cp311-cp311-macosx_10_9_x86_64.whl", hash = "sha256:6fb6bc98f234fda43163ddbe36df8bcde1d13ee176c6dc9b92bb7d3fc842eb66"},
    {file = "scikit_learn-1.3.2-cp311-cp311-macosx_12_0_arm64.whl", hash = "sha256:18424efee518a1cde7b0b53a422cde2f6625197de6af36da0b57ec502f126157"},
    {file = "scikit_learn-1.3.2-cp311-cp311-manylinux_2_17_aarch64.manylinux2014_aarch64.whl", hash = "sha256:3271552a5eb16f208a6f7f617b8cc6d1f137b52c8a1ef8edf547db0259b2c9fb"},
    {file = "scikit_learn-1.3.2-cp311-cp311-manylinux_2_17_x86_64.manylinux2014_x86_64.whl", hash = "sha256:fc4144a5004a676d5022b798d9e573b05139e77f271253a4703eed295bde0433"},
    {file = "scikit_learn-1.3.2-cp311-cp311-win_amd64.whl", hash = "sha256:67f37d708f042a9b8d59551cf94d30431e01374e00dc2645fa186059c6c5d78b"},
]

[[package]]
name = "scipy"
version = "1.11.4"
requires_python = ">=3.9"
summary = "Fundamental algorithms for scientific computing in Python"
groups = ["default"]
dependencies = [
    "numpy<1.28.0,>=1.21.6",
]
files = [
    {file = "scipy-1.11.4-cp311-cp311-macosx_10_9_x86_64.whl", hash = "sha256:f313b39a7e94f296025e3cffc2c567618174c0b1dde173960cf23808f9fae4be"},
    {file = "scipy-1.11.4-cp311-cp311-macosx_12_0_arm64.whl", hash = "sha256:1b7c3dca977f30a739e0409fb001056484661cb2541a01aba0bb0029f7b68db8"},
    {file = "scipy-1.11.4-cp311-cp311-manylinux_2_17_aarch64.manylinux2014_aarch64.whl", hash = "sha256:00150c5eae7b610c32589dda259eacc7c4f1665aedf25d921907f4d08a951b1c"},
    {file = "scipy-1.11.4-cp311-cp311-manylinux_2_17_x86_64.manylinux2014_x86_64.whl", hash = "sha256:530f9ad26440e85766509dbf78edcfe13ffd0ab7fec2560ee5c36ff74d6269ff"},
    {file = "scipy-1.11.4-cp311-cp311-musllinux_1_1_x86_64.whl", hash = "sha256:5e347b14fe01003d3b78e196e84bd3f48ffe4c8a7b8a1afbcb8f5505cb710993"},
    {file = "scipy-1.11.4-cp311-cp311-win_amd64.whl", hash = "sha256:acf8ed278cc03f5aff035e69cb511741e0418681d25fbbb86ca65429c4f4d9cd"},
    {file = "scipy-1.11.4.tar.gz", hash = "sha256:90a2b78e7f5733b9de748f589f09225013685f9b218275257f8a8168ededaeaa"},
]

[[package]]
name = "six"
version = "1.16.0"
requires_python = ">=2.7, !=3.0.*, !=3.1.*, !=3.2.*"
summary = "Python 2 and 3 compatibility utilities"
groups = ["default"]
files = [
    {file = "six-1.16.0-py2.py3-none-any.whl", hash = "sha256:8abb2f1d86890a2dfb989f9a77cfcfd3e47c2a354b01111771326f8aa26e0254"},
    {file = "six-1.16.0.tar.gz", hash = "sha256:1e61c37477a1626458e36f7b1d82aa5c9b094fa4802892072e49de9c60c4c926"},
]

[[package]]
name = "tenacity"
version = "8.2.3"
requires_python = ">=3.7"
summary = "Retry code until it succeeds"
groups = ["default"]
files = [
    {file = "tenacity-8.2.3-py3-none-any.whl", hash = "sha256:ce510e327a630c9e1beaf17d42e6ffacc88185044ad85cf74c0a8887c6a0f88c"},
    {file = "tenacity-8.2.3.tar.gz", hash = "sha256:5398ef0d78e63f40007c1fb4c0bff96e1911394d2fa8d194f77619c05ff6cc8a"},
]

[[package]]
name = "threadpoolctl"
version = "3.2.0"
requires_python = ">=3.8"
summary = "threadpoolctl"
groups = ["default"]
files = [
    {file = "threadpoolctl-3.2.0-py3-none-any.whl", hash = "sha256:2b7818516e423bdaebb97c723f86a7c6b0a83d3f3b0970328d66f4d9104dc032"},
    {file = "threadpoolctl-3.2.0.tar.gz", hash = "sha256:c96a0ba3bdddeaca37dc4cc7344aafad41cdb8c313f74fdfe387a867bba93355"},
]

[[package]]
name = "tomlkit"
version = "0.12.3"
requires_python = ">=3.7"
summary = "Style preserving TOML library"
groups = ["ide"]
files = [
    {file = "tomlkit-0.12.3-py3-none-any.whl", hash = "sha256:b0a645a9156dc7cb5d3a1f0d4bab66db287fcb8e0430bdd4664a095ea16414ba"},
    {file = "tomlkit-0.12.3.tar.gz", hash = "sha256:75baf5012d06501f07bee5bf8e801b9f343e7aac5a92581f20f80ce632e6b5a4"},
]

[[package]]
name = "toolz"
version = "0.12.0"
requires_python = ">=3.5"
summary = "List processing tools and functional utilities"
groups = ["default"]
files = [
    {file = "toolz-0.12.0-py3-none-any.whl", hash = "sha256:2059bd4148deb1884bb0eb770a3cde70e7f954cfbbdc2285f1f2de01fd21eb6f"},
    {file = "toolz-0.12.0.tar.gz", hash = "sha256:88c570861c440ee3f2f6037c4654613228ff40c93a6c25e0eba70d17282c6194"},
]

[[package]]
name = "tornado"
version = "6.4"
requires_python = ">= 3.8"
summary = "Tornado is a Python web framework and asynchronous networking library, originally developed at FriendFeed."
groups = ["ide"]
files = [
    {file = "tornado-6.4-cp38-abi3-macosx_10_9_universal2.whl", hash = "sha256:02ccefc7d8211e5a7f9e8bc3f9e5b0ad6262ba2fbb683a6443ecc804e5224ce0"},
    {file = "tornado-6.4-cp38-abi3-macosx_10_9_x86_64.whl", hash = "sha256:27787de946a9cffd63ce5814c33f734c627a87072ec7eed71f7fc4417bb16263"},
    {file = "tornado-6.4-cp38-abi3-manylinux_2_17_aarch64.manylinux2014_aarch64.whl", hash = "sha256:f7894c581ecdcf91666a0912f18ce5e757213999e183ebfc2c3fdbf4d5bd764e"},
    {file = "tornado-6.4-cp38-abi3-manylinux_2_5_i686.manylinux1_i686.manylinux_2_17_i686.manylinux2014_i686.whl", hash = "sha256:e43bc2e5370a6a8e413e1e1cd0c91bedc5bd62a74a532371042a18ef19e10579"},
    {file = "tornado-6.4-cp38-abi3-manylinux_2_5_x86_64.manylinux1_x86_64.manylinux_2_17_x86_64.manylinux2014_x86_64.whl", hash = "sha256:f0251554cdd50b4b44362f73ad5ba7126fc5b2c2895cc62b14a1c2d7ea32f212"},
    {file = "tornado-6.4-cp38-abi3-musllinux_1_1_aarch64.whl", hash = "sha256:fd03192e287fbd0899dd8f81c6fb9cbbc69194d2074b38f384cb6fa72b80e9c2"},
    {file = "tornado-6.4-cp38-abi3-musllinux_1_1_i686.whl", hash = "sha256:88b84956273fbd73420e6d4b8d5ccbe913c65d31351b4c004ae362eba06e1f78"},
    {file = "tornado-6.4-cp38-abi3-musllinux_1_1_x86_64.whl", hash = "sha256:71ddfc23a0e03ef2df1c1397d859868d158c8276a0603b96cf86892bff58149f"},
    {file = "tornado-6.4-cp38-abi3-win32.whl", hash = "sha256:6f8a6c77900f5ae93d8b4ae1196472d0ccc2775cc1dfdc9e7727889145c45052"},
    {file = "tornado-6.4-cp38-abi3-win_amd64.whl", hash = "sha256:10aeaa8006333433da48dec9fe417877f8bcc21f48dda8d661ae79da357b2a63"},
    {file = "tornado-6.4.tar.gz", hash = "sha256:72291fa6e6bc84e626589f1c29d90a5a6d593ef5ae68052ee2ef000dfd273dee"},
]

[[package]]
name = "tqdm"
version = "4.66.1"
requires_python = ">=3.7"
summary = "Fast, Extensible Progress Meter"
groups = ["default"]
dependencies = [
    "colorama; platform_system == \"Windows\"",
]
files = [
    {file = "tqdm-4.66.1-py3-none-any.whl", hash = "sha256:d302b3c5b53d47bce91fea46679d9c3c6508cf6332229aa1e7d8653723793386"},
    {file = "tqdm-4.66.1.tar.gz", hash = "sha256:d88e651f9db8d8551a62556d3cff9e3034274ca5d66e93197cf2490e2dcb69c7"},
]

[[package]]
name = "tzdata"
version = "2023.4"
requires_python = ">=2"
summary = "Provider of IANA time zone data"
groups = ["default"]
files = [
    {file = "tzdata-2023.4-py2.py3-none-any.whl", hash = "sha256:aa3ace4329eeacda5b7beb7ea08ece826c28d761cda36e747cfbf97996d39bf3"},
    {file = "tzdata-2023.4.tar.gz", hash = "sha256:dd54c94f294765522c77399649b4fefd95522479a664a0cec87f41bebc6148c9"},
]

[[package]]
name = "zarr"
version = "2.16.1"
requires_python = ">=3.8"
summary = "An implementation of chunked, compressed, N-dimensional arrays for Python"
groups = ["default"]
dependencies = [
    "asciitree",
    "fasteners",
    "numcodecs>=0.10.0",
    "numpy!=1.21.0,>=1.20",
]
files = [
    {file = "zarr-2.16.1-py3-none-any.whl", hash = "sha256:de4882433ccb5b42cc1ec9872b95e64ca3a13581424666b28ed265ad76c7056f"},
    {file = "zarr-2.16.1.tar.gz", hash = "sha256:4276cf4b4a653431042cd53ff2282bc4d292a6842411e88529964504fb073286"},
]

[[package]]
name = "zipp"
version = "3.17.0"
requires_python = ">=3.8"
summary = "Backport of pathlib-compatible object wrapper for zip files"
groups = ["default"]
files = [
    {file = "zipp-3.17.0-py3-none-any.whl", hash = "sha256:0e923e726174922dce09c53c59ad483ff7bbb8e572e00c7f7c46b88556409f31"},
    {file = "zipp-3.17.0.tar.gz", hash = "sha256:84e64a1c28cf7e91ed2078bb8cc8c259cb19b76942096c8d7b84947690cabaf0"},
]
